
Microsoft Visual Studio Solution File, Format Version 12.00
# Visual Studio Version 16
VisualStudioVersion = 16.0.29609.76
MinimumVisualStudioVersion = 10.0.40219.1
Project("{FAE04EC0-301F-11D3-BF4B-00C04F79EFBC}") = "LekplatsService", "LekplatsService\LekplatsService.csproj", "{35A7B1BD-6603-49C7-9139-4F24D66A0E00}"
EndProject
Global
	GlobalSection(SolutionConfigurationPlatforms) = preSolution
		Debug|Any CPU = Debug|Any CPU
		Release|Any CPU = Release|Any CPU
	EndGlobalSection
	GlobalSection(ProjectConfigurationPlatforms) = postSolution
		{35A7B1BD-6603-49C7-9139-4F24D66A0E00}.Debug|Any CPU.ActiveCfg = Debug|Any CPU
		{35A7B1BD-6603-49C7-9139-4F24D66A0E00}.Debug|Any CPU.Build.0 = Debug|Any CPU
		{35A7B1BD-6603-49C7-9139-4F24D66A0E00}.Release|Any CPU.ActiveCfg = Release|Any CPU
		{35A7B1BD-6603-49C7-9139-4F24D66A0E00}.Release|Any CPU.Build.0 = Release|Any CPU
	EndGlobalSection
	GlobalSection(SolutionProperties) = preSolution
		HideSolutionNode = FALSE
	EndGlobalSection
	GlobalSection(ExtensibilityGlobals) = postSolution
		SolutionGuid = {005CA9F6-B854-43C7-B993-350DC7AE5B60}
	EndGlobalSection
EndGlobal
